{
  "name": "nm-info",
  "version": "1.0.2",
  "lockfileVersion": 1,
  "requires": true,
  "dependencies": {
    "command": {
      "version": "0.0.5",
      "resolved": "https://registry.npmmirror.com/command/-/command-0.0.5.tgz",
      "integrity": "sha512-D3ahqZifhRQODzFluhUSaHCvukc9/WsEboceAVugj/uoG1eE1h9ZR+jJ+YtoyOmXOOq5AijdYYeXhYvUPa7f/w==",
      "requires": {
        "merge-recursive": "0.0.3",
        "which": "1.0.5"
      }
    },
    "merge-recursive": {
      "version": "0.0.3",
      "resolved": "https://registry.npmmirror.com/merge-recursive/-/merge-recursive-0.0.3.tgz",
      "integrity": "sha512-WPyS8iu5hcexWNQxFO9lbpvB1lRDn+3hOZXXrD7kLwVrC8+4CKdL7rW7Rrxlmf5V/ySnpZRk2Moo6VAxb4lAeA=="
    },
    "which": {
      "version": "1.0.5",
      "resolved": "https://registry.npmmirror.com/which/-/which-1.0.5.tgz",
      "integrity": "sha512-p82w9e3628Y1sCI41PbzZb5Qbacst2Yt/gE4mtqrNXv65SmwNbAcQvS4VkehtqmclAcOh36tgQiwhg6fKvkyDA=="
    }
  }
}
